
Microsoft Visual Studio Solution File, Format Version 12.00
Project("{FAE04EC0-301F-11D3-BF4B-00C04F79EFBC}") = "QuadraticEquation", "QuadraticEquation\QuadraticEquation.csproj", "{3D8DF7C4-D489-47CF-B006-07DA89B960CB}"
EndProject
Project("{FAE04EC0-301F-11D3-BF4B-00C04F79EFBC}") = "PointsAverage", "PointsAverage\PointsAverage.csproj", "{17493C31-4DEF-4B00-8A44-F7E11509D899}"
EndProject
Project("{FAE04EC0-301F-11D3-BF4B-00C04F79EFBC}") = "SwitchValues", "SwitchValues\SwitchValues.csproj", "{42B607FD-132F-423C-AA53-F13E475F475B}"
EndProject
Project("{FAE04EC0-301F-11D3-BF4B-00C04F79EFBC}") = "While", "While\While.csproj", "{53FCE81A-9A45-41B1-8570-3B23FC89DC52}"
EndProject
Global
	GlobalSection(SolutionConfigurationPlatforms) = preSolution
		Debug|Any CPU = Debug|Any CPU
		Release|Any CPU = Release|Any CPU
	EndGlobalSection
	GlobalSection(ProjectConfigurationPlatforms) = postSolution
		{3D8DF7C4-D489-47CF-B006-07DA89B960CB}.Debug|Any CPU.ActiveCfg = Debug|Any CPU
		{3D8DF7C4-D489-47CF-B006-07DA89B960CB}.Debug|Any CPU.Build.0 = Debug|Any CPU
		{3D8DF7C4-D489-47CF-B006-07DA89B960CB}.Release|Any CPU.ActiveCfg = Release|Any CPU
		{3D8DF7C4-D489-47CF-B006-07DA89B960CB}.Release|Any CPU.Build.0 = Release|Any CPU
		{17493C31-4DEF-4B00-8A44-F7E11509D899}.Debug|Any CPU.ActiveCfg = Debug|Any CPU
		{17493C31-4DEF-4B00-8A44-F7E11509D899}.Debug|Any CPU.Build.0 = Debug|Any CPU
		{17493C31-4DEF-4B00-8A44-F7E11509D899}.Release|Any CPU.ActiveCfg = Release|Any CPU
		{17493C31-4DEF-4B00-8A44-F7E11509D899}.Release|Any CPU.Build.0 = Release|Any CPU
		{42B607FD-132F-423C-AA53-F13E475F475B}.Debug|Any CPU.ActiveCfg = Debug|Any CPU
		{42B607FD-132F-423C-AA53-F13E475F475B}.Debug|Any CPU.Build.0 = Debug|Any CPU
		{42B607FD-132F-423C-AA53-F13E475F475B}.Release|Any CPU.ActiveCfg = Release|Any CPU
		{42B607FD-132F-423C-AA53-F13E475F475B}.Release|Any CPU.Build.0 = Release|Any CPU
		{53FCE81A-9A45-41B1-8570-3B23FC89DC52}.Debug|Any CPU.ActiveCfg = Debug|Any CPU
		{53FCE81A-9A45-41B1-8570-3B23FC89DC52}.Debug|Any CPU.Build.0 = Debug|Any CPU
		{53FCE81A-9A45-41B1-8570-3B23FC89DC52}.Release|Any CPU.ActiveCfg = Release|Any CPU
		{53FCE81A-9A45-41B1-8570-3B23FC89DC52}.Release|Any CPU.Build.0 = Release|Any CPU
	EndGlobalSection
EndGlobal
